{

    "name": "allure_report",

    "version": "1.0.0",

    "lockfileVersion": 2,

    "requires": true,

    "packages": {

        "": {

            "name": "allure_report",

            "version": "1.0.0",

            "devDependencies": {

                "allure-commandline": "^2.25.0"

            }

        },

        "node_modules/allure-commandline": {

            "version": "2.25.0",

            "resolved": "https://registry.npmjs.org/allure-commandline/-/allure-commandline-2.25.0.tgz",

            "integrity": "sha512-HYMQwuX/8ySTrXqgr6ZY830c6xgRbSusxVwZIBbDyNTCDb3mqK2b1ENjsD8yhl/7/8S02NZCDAwJFxt3f8qL9Q==",

            "dev": true,

            "bin": {

                "allure": "bin/allure"

            }

        }

    },

    "dependencies": {

        "allure-commandline": {

            "version": "2.25.0",

            "resolved": "https://registry.npmjs.org/allure-commandline/-/allure-commandline-2.25.0.tgz",

            "integrity": "sha512-HYMQwuX/8ySTrXqgr6ZY830c6xgRbSusxVwZIBbDyNTCDb3mqK2b1ENjsD8yhl/7/8S02NZCDAwJFxt3f8qL9Q==",

            "dev": true

        }

    }

}

